// !$*UTF8*$!
{
	archiveVersion = 1;
	classes = {
	};
	objectVersion = 46;
	objects = {

/* Begin PBXBuildFile section */
		42C20D931C61628100CF4373 /* AppDelegate.swift in Sources */ = {isa = PBXBuildFile; fileRef = 42C20D921C61628100CF4373 /* AppDelegate.swift */; };
		42C20D961C61628100CF4373 /* Blog_Reader.xcdatamodeld in Sources */ = {isa = PBXBuildFile; fileRef = 42C20D941C61628100CF4373 /* Blog_Reader.xcdatamodeld */; };
		42C20D981C61628100CF4373 /* MasterViewController.swift in Sources */ = {isa = PBXBuildFile; fileRef = 42C20D971C61628100CF4373 /* MasterViewController.swift */; };
		42C20D9A1C61628100CF4373 /* DetailViewController.swift in Sources */ = {isa = PBXBuildFile; fileRef = 42C20D991C61628100CF4373 /* DetailViewController.swift */; };
		42C20D9D1C61628100CF4373 /* Main.storyboard in Resources */ = {isa = PBXBuildFile; fileRef = 42C20D9B1C61628100CF4373 /* Main.storyboard */; };
		42C20D9F1C61628100CF4373 /* Assets.xcassets in Resources */ = {isa = PBXBuildFile; fileRef = 42C20D9E1C61628100CF4373 /* Assets.xcassets */; };
		42C20DA21C61628100CF4373 /* LaunchScreen.storyboard in Resources */ = {isa = PBXBuildFile; fileRef = 42C20DA01C61628100CF4373 /* LaunchScreen.storyboard */; };
/* End PBXBuildFile section */

/* Begin PBXFileReference section */
		42C20D8F1C61628100CF4373 /* Gov Jobs Search In USA.app */ = {isa = PBXFileReference; explicitFileType = wrapper.application; includeInIndex = 0; path = "Gov Jobs Search In USA.app"; sourceTree = BUILT_PRODUCTS_DIR; };
		42C20D921C61628100CF4373 /* AppDelegate.swift */ = {isa = PBXFileReference; lastKnownFileType = sourcecode.swift; path = AppDelegate.swift; sourceTree = "<group>"; };
		42C20D951C61628100CF4373 /* Blog_Reader.xcdatamodel */ = {isa = PBXFileReference; lastKnownFileType = wrapper.xcdatamodel; path = Blog_Reader.xcdatamodel; sourceTree = "<group>"; };
		42C20D971C61628100CF4373 /* MasterViewController.swift */ = {isa = PBXFileReference; lastKnownFileType = sourcecode.swift; path = MasterViewController.swift; sourceTree = "<group>"; };
		42C20D991C61628100CF4373 /* DetailViewController.swift */ = {isa = PBXFileReference; lastKnownFileType = sourcecode.swift; path = DetailViewController.swift; sourceTree = "<group>"; };
		42C20D9C1C61628100CF4373 /* Base */ = {isa = PBXFileReference; lastKnownFileType = file.storyboard; name = Base; path = Base.lproj/Main.storyboard; sourceTree = "<group>"; };
		42C20D9E1C61628100CF4373 /* Assets.xcassets */ = {isa = PBXFileReference; lastKnownFileType = folder.assetcatalog; path = Assets.xcassets; sourceTree = "<group>"; };
		42C20DA11C61628100CF4373 /* Base */ = {isa = PBXFileReference; lastKnownFileType = file.storyboard; name = Base; path = Base.lproj/LaunchScreen.storyboard; sourceTree = "<group>"; };
		42C20DA31C61628100CF4373 /* Info.plist */ = {isa = PBXFileReference; lastKnownFileType = text.plist.xml; path = Info.plist; sourceTree = "<group>"; };
/* End PBXFileReference section */

/* Begin PBXFrameworksBuildPhase section */
		42C20D8C1C61628100CF4373 /* Frameworks */ = {
			isa = PBXFrameworksBuildPhase;
			buildActionMask = 2147483647;
			files = (
			);
			runOnlyForDeploymentPostprocessing = 0;
		};
/* End PBXFrameworksBuildPhase section */

/* Begin PBXGroup section */
		42C20D861C61628100CF4373 = {
			isa = PBXGroup;
			children = (
				42C20D911C61628100CF4373 /* Gov Jobs Search In USA */,
				42C20D901C61628100CF4373 /* Products */,
			);
			sourceTree = "<group>";
		};
		42C20D901C61628100CF4373 /* Products */ = {
			isa = PBXGroup;
			children = (
				42C20D8F1C61628100CF4373 /* Gov Jobs Search In USA.app */,
			);
			name = Products;
			sourceTree = "<group>";
		};
		42C20D911C61628100CF4373 /* Gov Jobs Search In USA */ = {
			isa = PBXGroup;
			children = (
				42C20D921C61628100CF4373 /* AppDelegate.swift */,
				42C20D971C61628100CF4373 /* MasterViewController.swift */,
				42C20D991C61628100CF4373 /* DetailViewController.swift */,
				42C20D9B1C61628100CF4373 /* Main.storyboard */,
				42C20D9E1C61628100CF4373 /* Assets.xcassets */,
				42C20DA01C61628100CF4373 /* LaunchScreen.storyboard */,
				42C20DA31C61628100CF4373 /* Info.plist */,
				42C20D941C61628100CF4373 /* Blog_Reader.xcdatamodeld */,
			);
			name = "Gov Jobs Search In USA";
			path = "Blog Reader";
			sourceTree = "<group>";
		};
/* End PBXGroup section */

/* Begin PBXNativeTarget section */
		42C20D8E1C61628100CF4373 /* Gov Jobs Search In USA */ = {
			isa = PBXNativeTarget;
			buildConfigurationList = 42C20DA61C61628100CF4373 /* Build configuration list for PBXNativeTarget "Gov Jobs Search In USA" */;
			buildPhases = (
				42C20D8B1C61628100CF4373 /* Sources */,
				42C20D8C1C61628100CF4373 /* Frameworks */,
				42C20D8D1C61628100CF4373 /* Resources */,
			);
			buildRules = (
			);
			dependencies = (
			);
			name = "Gov Jobs Search In USA";
			productName = "Blog Reader";
			productReference = 42C20D8F1C61628100CF4373 /* Gov Jobs Search In USA.app */;
			productType = "com.apple.product-type.application";
		};
/* End PBXNativeTarget section */

/* Begin PBXProject section */
		42C20D871C61628100CF4373 /* Project object */ = {
			isa = PBXProject;
			attributes = {
				LastSwiftUpdateCheck = 0720;
				LastUpgradeCheck = 0720;
				ORGANIZATIONNAME = "BC App Designs, LLC";
				TargetAttributes = {
					42C20D8E1C61628100CF4373 = {
						CreatedOnToolsVersion = 7.2;
						DevelopmentTeam = N6QSYL24TV;
					};
				};
			};
			buildConfigurationList = 42C20D8A1C61628100CF4373 /* Build configuration list for PBXProject "Gov Jobs Search In USA" */;
			compatibilityVersion = "Xcode 3.2";
			developmentRegion = English;
			hasScannedForEncodings = 0;
			knownRegions = (
				en,
				Base,
			);
			mainGroup = 42C20D861C61628100CF4373;
			productRefGroup = 42C20D901C61628100CF4373 /* Products */;
			projectDirPath = "";
			projectRoot = "";
			targets = (
				42C20D8E1C61628100CF4373 /* Gov Jobs Search In USA */,
			);
		};
/* End PBXProject section */

/* Begin PBXResourcesBuildPhase section */
		42C20D8D1C61628100CF4373 /* Resources */ = {
			isa = PBXResourcesBuildPhase;
			buildActionMask = 2147483647;
			files = (
				42C20DA21C61628100CF4373 /* LaunchScreen.storyboard in Resources */,
				42C20D9F1C61628100CF4373 /* Assets.xcassets in Resources */,
				42C20D9D1C61628100CF4373 /* Main.storyboard in Resources */,
			);
			runOnlyForDeploymentPostprocessing = 0;
		};
/* End PBXResourcesBuildPhase section */

/* Begin PBXSourcesBuildPhase section */
		42C20D8B1C61628100CF4373 /* Sources */ = {
			isa = PBXSourcesBuildPhase;
			buildActionMask = 2147483647;
			files = (
				42C20D961C61628100CF4373 /* Blog_Reader.xcdatamodeld in Sources */,
				42C20D931C61628100CF4373 /* AppDelegate.swift in Sources */,
				42C20D981C61628100CF4373 /* MasterViewController.swift in Sources */,
				42C20D9A1C61628100CF4373 /* DetailViewController.swift in Sources */,
			);
			runOnlyForDeploymentPostprocessing = 0;
		};
/* End PBXSourcesBuildPhase section */

/* Begin PBXVariantGroup section */
		42C20D9B1C61628100CF4373 /* Main.storyboard */ = {
			isa = PBXVariantGroup;
			children = (
				42C20D9C1C61628100CF4373 /* Base */,
			);
			name = Main.storyboard;
			sourceTree = "<group>";
		};
		42C20DA01C61628100CF4373 /* LaunchScreen.storyboard */ = {
			isa = PBXVariantGroup;
			children = (
				42C20DA11C61628100CF4373 /* Base */,
			);
			name = LaunchScreen.storyboard;
			sourceTree = "<group>";
		};
/* End PBXVariantGroup section */

/* Begin XCBuildConfiguration section */
		42C20DA41C61628100CF4373 /* Debug */ = {
			isa = XCBuildConfiguration;
			buildSettings = {
				ALWAYS_SEARCH_USER_PATHS = NO;
				CLANG_CXX_LANGUAGE_STANDARD = "gnu++0x";
				CLANG_CXX_LIBRARY = "libc++";
				CLANG_ENABLE_MODULES = YES;
				CLANG_ENABLE_OBJC_ARC = YES;
				CLANG_WARN_BOOL_CONVERSION = YES;
				CLANG_WARN_CONSTANT_CONVERSION = YES;
				CLANG_WARN_DIRECT_OBJC_ISA_USAGE = YES_ERROR;
				CLANG_WARN_EMPTY_BODY = YES;
				CLANG_WARN_ENUM_CONVERSION = YES;
				CLANG_WARN_INT_CONVERSION = YES;
				CLANG_WARN_OBJC_ROOT_CLASS = YES_ERROR;
				CLANG_WARN_UNREACHABLE_CODE = YES;
				CLANG_WARN__DUPLICATE_METHOD_MATCH = YES;
				"CODE_SIGN_IDENTITY[sdk=iphoneos*]" = "iPhone Developer";
				COPY_PHASE_STRIP = NO;
				DEBUG_INFORMATION_FORMAT = dwarf;
				ENABLE_STRICT_OBJC_MSGSEND = YES;
				ENABLE_TESTABILITY = YES;
				GCC_C_LANGUAGE_STANDARD = gnu99;
				GCC_DYNAMIC_NO_PIC = NO;
				GCC_NO_COMMON_BLOCKS = YES;
				GCC_OPTIMIZATION_LEVEL = 0;
				GCC_PREPROCESSOR_DEFINITIONS = (
					"DEBUG=1",
					"$(inherited)",
				);
				GCC_WARN_64_TO_32_BIT_CONVERSION = YES;
				GCC_WARN_ABOUT_RETURN_TYPE = YES_ERROR;
				GCC_WARN_UNDECLARED_SELECTOR = YES;
				GCC_WARN_UNINITIALIZED_AUTOS = YES_AGGRESSIVE;
				GCC_WARN_UNUSED_FUNCTION = YES;
				GCC_WARN_UNUSED_VARIABLE = YES;
				IPHONEOS_DEPLOYMENT_TARGET = 9.2;
				MTL_ENABLE_DEBUG_INFO = YES;
				ONLY_ACTIVE_ARCH = YES;
				SDKROOT = iphoneos;
				SWIFT_OPTIMIZATION_LEVEL = "-Onone";
				TARGETED_DEVICE_FAMILY = "1,2";
			};
			name = Debug;
		};
		42C20DA51C61628100CF4373 /* Release */ = {
			isa = XCBuildConfiguration;
			buildSettings = {
				ALWAYS_SEARCH_USER_PATHS = NO;
				CLANG_CXX_LANGUAGE_STANDARD = "gnu++0x";
				CLANG_CXX_LIBRARY = "libc++";
				CLANG_ENABLE_MODULES = YES;
				CLANG_ENABLE_OBJC_ARC = YES;
				CLANG_WARN_BOOL_CONVERSION = YES;
				CLANG_WARN_CONSTANT_CONVERSION = YES;
				CLANG_WARN_DIRECT_OBJC_ISA_USAGE = YES_ERROR;
				CLANG_WARN_EMPTY_BODY = YES;
				CLANG_WARN_ENUM_CONVERSION = YES;
				CLANG_WARN_INT_CONVERSION = YES;
				CLANG_WARN_OBJC_ROOT_CLASS = YES_ERROR;
				CLANG_WARN_UNREACHABLE_CODE = YES;
				CLANG_WARN__DUPLICATE_METHOD_MATCH = YES;
				"CODE_SIGN_IDENTITY[sdk=iphoneos*]" = "iPhone Developer";
				COPY_PHASE_STRIP = NO;
				DEBUG_INFORMATION_FORMAT = "dwarf-with-dsym";
				ENABLE_NS_ASSERTIONS = NO;
				ENABLE_STRICT_OBJC_MSGSEND = YES;
				GCC_C_LANGUAGE_STANDARD = gnu99;
				GCC_NO_COMMON_BLOCKS = YES;
				GCC_WARN_64_TO_32_BIT_CONVERSION = YES;
				GCC_WARN_ABOUT_RETURN_TYPE = YES_ERROR;
				GCC_WARN_UNDECLARED_SELECTOR = YES;
				GCC_WARN_UNINITIALIZED_AUTOS = YES_AGGRESSIVE;
				GCC_WARN_UNUSED_FUNCTION = YES;
				GCC_WARN_UNUSED_VARIABLE = YES;
				IPHONEOS_DEPLOYMENT_TARGET = 9.2;
				MTL_ENABLE_DEBUG_INFO = NO;
				SDKROOT = iphoneos;
				TARGETED_DEVICE_FAMILY = "1,2";
				VALIDATE_PRODUCT = YES;
			};
			name = Release;
		};
		42C20DA71C61628100CF4373 /* Debug */ = {
			isa = XCBuildConfiguration;
			buildSettings = {
				ASSETCATALOG_COMPILER_APPICON_NAME = AppIcon;
				CODE_SIGN_IDENTITY = "iPhone Developer";
				INFOPLIST_FILE = "Blog Reader/Info.plist";
				LD_RUNPATH_SEARCH_PATHS = "$(inherited) @executable_path/Frameworks";
				PRODUCT_BUNDLE_IDENTIFIER = com.bcappdesigns.GovJobsSearchInUSA;
				PRODUCT_NAME = "Gov Jobs Search In USA";
			};
			name = Debug;
		};
		42C20DA81C61628100CF4373 /* Release */ = {
			isa = XCBuildConfiguration;
			buildSettings = {
				ASSETCATALOG_COMPILER_APPICON_NAME = AppIcon;
				CODE_SIGN_IDENTITY = "iPhone Developer";
				INFOPLIST_FILE = "Blog Reader/Info.plist";
				LD_RUNPATH_SEARCH_PATHS = "$(inherited) @executable_path/Frameworks";
				PRODUCT_BUNDLE_IDENTIFIER = com.bcappdesigns.GovJobsSearchInUSA;
				PRODUCT_NAME = "Gov Jobs Search In USA";
			};
			name = Release;
		};
/* End XCBuildConfiguration section */

/* Begin XCConfigurationList section */
		42C20D8A1C61628100CF4373 /* Build configuration list for PBXProject "Gov Jobs Search In USA" */ = {
			isa = XCConfigurationList;
			buildConfigurations = (
				42C20DA41C61628100CF4373 /* Debug */,
				42C20DA51C61628100CF4373 /* Release */,
			);
			defaultConfigurationIsVisible = 0;
			defaultConfigurationName = Release;
		};
		42C20DA61C61628100CF4373 /* Build configuration list for PBXNativeTarget "Gov Jobs Search In USA" */ = {
			isa = XCConfigurationList;
			buildConfigurations = (
				42C20DA71C61628100CF4373 /* Debug */,
				42C20DA81C61628100CF4373 /* Release */,
			);
			defaultConfigurationIsVisible = 0;
		};
/* End XCConfigurationList section */

/* Begin XCVersionGroup section */
		42C20D941C61628100CF4373 /* Blog_Reader.xcdatamodeld */ = {
			isa = XCVersionGroup;
			children = (
				42C20D951C61628100CF4373 /* Blog_Reader.xcdatamodel */,
			);
			currentVersion = 42C20D951C61628100CF4373 /* Blog_Reader.xcdatamodel */;
			path = Blog_Reader.xcdatamodeld;
			sourceTree = "<group>";
			versionGroupType = wrapper.xcdatamodel;
		};
/* End XCVersionGroup section */
	};
	rootObject = 42C20D871C61628100CF4373 /* Project object */;
}
